version = 1
revision = 3
requires-python = "==3.10.*"

[manifest]
members = [
    "build-index",
    "wikiextractor",
]

[[package]]
name = "build-index"
version = "0.1.0"
source = { virtual = "." }
dependencies = [
    { name = "opencc" },
    { name = "tqdm" },
    { name = "wikiextractor" },
]

[package.dev-dependencies]
dev = [
    { name = "pytest" },
]

[package.metadata]
requires-dist = [
    { name = "opencc", specifier = ">=1.3.1" },
    { name = "tqdm", specifier = ">=4.68.3" },
    { name = "wikiextractor", editable = "wikiextractor" },
]

[package.metadata.requires-dev]
dev = [{ name = "pytest", specifier = ">=9.1.0" }]

[[package]]
name = "colorama"
version = "0.4.6"
source = { registry = "https://pypi.org/simple" }
sdist = { url = "https://files.pythonhosted.org/packages/d8/53/6f443c9a4a8358a93a6792e2acffb9d9d5cb0a5cfd8802644b7b1c9a02e4/colorama-0.4.6.tar.gz", hash = "sha256:08695f5cb7ed6e0531a20572697297273c47b8cae5a63ffc6d6ed5c201be6e44", size = 27697, upload-time = "2022-10-25T02:36:22.414Z" }
wheels = [
    { url = "https://files.pythonhosted.org/packages/d1/d6/3965ed04c63042e047cb6a3e6ed1a63a35087b6a609aa3a15ed8ac56c221/colorama-0.4.6-py2.py3-none-any.whl", hash = "sha256:4f1d9991f5acc0ca119f9d443620b77f9d6b33703e51011c16baf57afb285fc6", size = 25335, upload-time = "2022-10-25T02:36:20.889Z" },
]

[[package]]
name = "exceptiongroup"
version = "1.3.1"
source = { registry = "https://pypi.org/simple" }
dependencies = [
    { name = "typing-extensions" },
]
sdist = { url = "https://files.pythonhosted.org/packages/50/79/66800aadf48771f6b62f7eb014e352e5d06856655206165d775e675a02c9/exceptiongroup-1.3.1.tar.gz", hash = "sha256:8b412432c6055b0b7d14c310000ae93352ed6754f70fa8f7c34141f91c4e3219", size = 30371, upload-time = "2025-11-21T23:01:54.787Z" }
wheels = [
    { url = "https://files.pythonhosted.org/packages/8a/0e/97c33bf5009bdbac74fd2beace167cab3f978feb69cc36f1ef79360d6c4e/exceptiongroup-1.3.1-py3-none-any.whl", hash = "sha256:a7a39a3bd276781e98394987d3a5701d0c4edffb633bb7a5144577f82c773598", size = 16740, upload-time = "2025-11-21T23:01:53.443Z" },
]

[[package]]
name = "iniconfig"
version = "2.3.0"
source = { registry = "https://pypi.org/simple" }
sdist = { url = "https://files.pythonhosted.org/packages/72/34/14ca021ce8e5dfedc35312d08ba8bf51fdd999c576889fc2c24cb97f4f10/iniconfig-2.3.0.tar.gz", hash = "sha256:c76315c77db068650d49c5b56314774a7804df16fee4402c1f19d6d15d8c4730", size = 20503, upload-time = "2025-10-18T21:55:43.219Z" }
wheels = [
    { url = "https://files.pythonhosted.org/packages/cb/b1/3846dd7f199d53cb17f49cba7e651e9ce294d8497c8c150530ed11865bb8/iniconfig-2.3.0-py3-none-any.whl", hash = "sha256:f631c04d2c48c52b84d0d0549c99ff3859c98df65b3101406327ecc7d53fbf12", size = 7484, upload-time = "2025-10-18T21:55:41.639Z" },
]

[[package]]
name = "opencc"
version = "1.3.1"
source = { registry = "https://pypi.org/simple" }
sdist = { url = "https://files.pythonhosted.org/packages/d8/2c/f967c613659fbe885f31b95d67aca3c68dd3e79204586e6aee1fa8240806/opencc-1.3.1.tar.gz", hash = "sha256:6892ee3f8fcc5992f0e9f90dbf177c8da566620f83c3f2040257293f16141b33", size = 11755312, upload-time = "2026-05-09T21:33:16.701Z" }
wheels = [
    { url = "https://files.pythonhosted.org/packages/d3/0f/dc26fee231b399094a0a2fa876384fab7da041392831250fdaf85fc01cc4/opencc-1.3.1-cp310-cp310-macosx_10_9_x86_64.whl", hash = "sha256:e5dd5b504163eebba6aae3a3c39a643b11b7ec2a3447c28d9287793806d2911e", size = 1637260, upload-time = "2026-05-09T21:36:04.841Z" },
    { url = "https://files.pythonhosted.org/packages/ea/90/81d6d85007b4389d80cb931a77f14f36968f4f8e7747ec2fdae7bccec279/opencc-1.3.1-cp310-cp310-macosx_11_0_arm64.whl", hash = "sha256:5dafcae42a53b731a829afd92a0f87e07947234eab409ec8337caea8d7fbb686", size = 1556252, upload-time = "2026-05-09T21:31:29.044Z" },
    { url = "https://files.pythonhosted.org/packages/a2/94/e2d6ca41e55a52b4e8f1f0cbf829bd4e05a22afdbcaa5a4e2f2d47f65342/opencc-1.3.1-cp310-cp310-manylinux2014_aarch64.manylinux_2_17_aarch64.whl", hash = "sha256:0239b00a451d5047bee626a5fefecc3b1a58af819244bf6350de74cdd7d2a303", size = 1824997, upload-time = "2026-05-09T21:33:15.384Z" },
    { url = "https://files.pythonhosted.org/packages/57/43/11138faffa4f6001c7837f509ec7cbd3b751c65de9b30518708ef0783de1/opencc-1.3.1-cp310-cp310-manylinux2014_x86_64.manylinux_2_17_x86_64.whl", hash = "sha256:6cf414badb03e7f8a913d332a2c6884bd87bbbd18482da9820cdbd7dacfc14e1", size = 1853366, upload-time = "2026-05-09T21:33:06.718Z" },
    { url = "https://files.pythonhosted.org/packages/0d/a2/08b961612812983b6bbeae9de523e4326f09086dc48bc084858f70c643b1/opencc-1.3.1-cp310-cp310-win_amd64.whl", hash = "sha256:268055c0545d419f5ee071c40cef72773fd87fd2db3f3b147112794ed73e5168", size = 2066082, upload-time = "2026-05-09T21:37:17.734Z" },
]

[[package]]
name = "packaging"
version = "26.2"
source = { registry = "https://pypi.org/simple" }
sdist = { url = "https://files.pythonhosted.org/packages/d7/f1/e7a6dd94a8d4a5626c03e4e99c87f241ba9e350cd9e6d75123f992427270/packaging-26.2.tar.gz", hash = "sha256:ff452ff5a3e828ce110190feff1178bb1f2ea2281fa2075aadb987c2fb221661", size = 228134, upload-time = "2026-04-24T20:15:23.917Z" }
wheels = [
    { url = "https://files.pythonhosted.org/packages/df/b2/87e62e8c3e2f4b32e5fe99e0b86d576da1312593b39f47d8ceef365e95ed/packaging-26.2-py3-none-any.whl", hash = "sha256:5fc45236b9446107ff2415ce77c807cee2862cb6fac22b8a73826d0693b0980e", size = 100195, upload-time = "2026-04-24T20:15:22.081Z" },
]

[[package]]
name = "pluggy"
version = "1.6.0"
source = { registry = "https://pypi.org/simple" }
sdist = { url = "https://files.pythonhosted.org/packages/f9/e2/3e91f31a7d2b083fe6ef3fa267035b518369d9511ffab804f839851d2779/pluggy-1.6.0.tar.gz", hash = "sha256:7dcc130b76258d33b90f61b658791dede3486c3e6bfb003ee5c9bfb396dd22f3", size = 69412, upload-time = "2025-05-15T12:30:07.975Z" }
wheels = [
    { url = "https://files.pythonhosted.org/packages/54/20/4d324d65cc6d9205fabedc306948156824eb9f0ee1633355a8f7ec5c66bf/pluggy-1.6.0-py3-none-any.whl", hash = "sha256:e920276dd6813095e9377c0bc5566d94c932c33b27a3e3945d8389c374dd4746", size = 20538, upload-time = "2025-05-15T12:30:06.134Z" },
]

[[package]]
name = "pygments"
version = "2.20.0"
source = { registry = "https://pypi.org/simple" }
sdist = { url = "https://files.pythonhosted.org/packages/c3/b2/bc9c9196916376152d655522fdcebac55e66de6603a76a02bca1b6414f6c/pygments-2.20.0.tar.gz", hash = "sha256:6757cd03768053ff99f3039c1a36d6c0aa0b263438fcab17520b30a303a82b5f", size = 4955991, upload-time = "2026-03-29T13:29:33.898Z" }
wheels = [
    { url = "https://files.pythonhosted.org/packages/f4/7e/a72dd26f3b0f4f2bf1dd8923c85f7ceb43172af56d63c7383eb62b332364/pygments-2.20.0-py3-none-any.whl", hash = "sha256:81a9e26dd42fd28a23a2d169d86d7ac03b46e2f8b59ed4698fb4785f946d0176", size = 1231151, upload-time = "2026-03-29T13:29:30.038Z" },
]

[[package]]
name = "pytest"
version = "9.1.0"
source = { registry = "https://pypi.org/simple" }
dependencies = [
    { name = "colorama", marker = "sys_platform == 'win32'" },
    { name = "exceptiongroup" },
    { name = "iniconfig" },
    { name = "packaging" },
    { name = "pluggy" },
    { name = "pygments" },
    { name = "tomli" },
]
sdist = { url = "https://files.pythonhosted.org/packages/84/0e/b5858858d74958632c49b72cb25a3976ff9f632397626715be71c89d3971/pytest-9.1.0.tar.gz", hash = "sha256:41dd9148c08072446394cefd3d79701701335a9f4cae69ba92e39f6c7f5c061c", size = 1634181, upload-time = "2026-06-13T18:52:45.983Z" }
wheels = [
    { url = "https://files.pythonhosted.org/packages/8b/5a/ba30a81239b909821b3153e303e7def45178bf353da4f72380e6c5e8793b/pytest-9.1.0-py3-none-any.whl", hash = "sha256:8ebb0e7888bdf2bdfc602ec51f8f62d50200af37356c74e503c79a94f5c81f32", size = 386453, upload-time = "2026-06-13T18:52:44.045Z" },
]

[[package]]
name = "tomli"
version = "2.4.1"
source = { registry = "https://pypi.org/simple" }
sdist = { url = "https://files.pythonhosted.org/packages/22/de/48c59722572767841493b26183a0d1cc411d54fd759c5607c4590b6563a6/tomli-2.4.1.tar.gz", hash = "sha256:7c7e1a961a0b2f2472c1ac5b69affa0ae1132c39adcb67aba98568702b9cc23f", size = 17543, upload-time = "2026-03-25T20:22:03.828Z" }
wheels = [
    { url = "https://files.pythonhosted.org/packages/7b/61/cceae43728b7de99d9b847560c262873a1f6c98202171fd5ed62640b494b/tomli-2.4.1-py3-none-any.whl", hash = "sha256:0d85819802132122da43cb86656f8d1f8c6587d54ae7dcaf30e90533028b49fe", size = 14583, upload-time = "2026-03-25T20:22:03.012Z" },
]

[[package]]
name = "tqdm"
version = "4.68.3"
source = { registry = "https://pypi.org/simple" }
dependencies = [
    { name = "colorama", marker = "sys_platform == 'win32'" },
]
sdist = { url = "https://files.pythonhosted.org/packages/87/d7/0535a28b1f5f24f6612fb3ff1e89fb1a8d160fee0f976e0aa6803862134b/tqdm-4.68.3.tar.gz", hash = "sha256:00dfa48452b6b6cfae3dd9885636c23d3422d1ec97c66d96818cbd5e0821d482", size = 170596, upload-time = "2026-06-17T07:36:52.105Z" }
wheels = [
    { url = "https://files.pythonhosted.org/packages/d8/8e/bb97bb0c71802080bfc8952937d174e49cfc50de5c951dd47b2496f0dcdb/tqdm-4.68.3-py3-none-any.whl", hash = "sha256:39832cc2def2789a6f29df83f172db7416cea70052c0907a57801c5f2fdccb03", size = 78337, upload-time = "2026-06-17T07:36:50.132Z" },
]

[[package]]
name = "typing-extensions"
version = "4.15.0"
source = { registry = "https://pypi.org/simple" }
sdist = { url = "https://files.pythonhosted.org/packages/72/94/1a15dd82efb362ac84269196e94cf00f187f7ed21c242792a923cdb1c61f/typing_extensions-4.15.0.tar.gz", hash = "sha256:0cea48d173cc12fa28ecabc3b837ea3cf6f38c6d1136f85cbaaf598984861466", size = 109391, upload-time = "2025-08-25T13:49:26.313Z" }
wheels = [
    { url = "https://files.pythonhosted.org/packages/18/67/36e9267722cc04a6b9f15c7f3441c2363321a3ea07da7ae0c0707beb2a9c/typing_extensions-4.15.0-py3-none-any.whl", hash = "sha256:f0fa19c6845758ab08074a0cfa8b7aecb71c999ca73d62883bc25cc018c4e548", size = 44614, upload-time = "2025-08-25T13:49:24.86Z" },
]

[[package]]
name = "wikiextractor"
version = "3.0.7"
source = { editable = "wikiextractor" }
